
Microsoft Visual Studio Solution File, Format Version 12.00
# Visual Studio 2013
VisualStudioVersion = 12.0.31101.0
MinimumVisualStudioVersion = 10.0.40219.1
Project("{FAE04EC0-301F-11D3-BF4B-00C04F79EFBC}") = "UmbracoBookshelf", "src\UmbracoBookshelf.csproj", "{729FED9B-CA1F-421D-BCC4-37A0AEE6064C}"
EndProject
Global
	GlobalSection(SolutionConfigurationPlatforms) = preSolution
		Debug|Any CPU = Debug|Any CPU
		Release|Any CPU = Release|Any CPU
	EndGlobalSection
	GlobalSection(ProjectConfigurationPlatforms) = postSolution
		{729FED9B-CA1F-421D-BCC4-37A0AEE6064C}.Debug|Any CPU.ActiveCfg = Debug|Any CPU
		{729FED9B-CA1F-421D-BCC4-37A0AEE6064C}.Debug|Any CPU.Build.0 = Debug|Any CPU
		{729FED9B-CA1F-421D-BCC4-37A0AEE6064C}.Release|Any CPU.ActiveCfg = Release|Any CPU
		{729FED9B-CA1F-421D-BCC4-37A0AEE6064C}.Release|Any CPU.Build.0 = Release|Any CPU
	EndGlobalSection
	GlobalSection(SolutionProperties) = preSolution
		HideSolutionNode = FALSE
	EndGlobalSection
EndGlobal
